
Microsoft Visual Studio Solution File, Format Version 12.00
Project("{FAE04EC0-301F-11D3-BF4B-00C04F79EFBC}") = "Singleton", "Singleton\Singleton.csproj", "{DA0FEBE3-5488-4095-B203-6CD649AAA65C}"
EndProject
Global
	GlobalSection(SolutionConfigurationPlatforms) = preSolution
		Debug|Any CPU = Debug|Any CPU
		Release|Any CPU = Release|Any CPU
	EndGlobalSection
	GlobalSection(ProjectConfigurationPlatforms) = postSolution
		{DA0FEBE3-5488-4095-B203-6CD649AAA65C}.Debug|Any CPU.ActiveCfg = Debug|Any CPU
		{DA0FEBE3-5488-4095-B203-6CD649AAA65C}.Debug|Any CPU.Build.0 = Debug|Any CPU
		{DA0FEBE3-5488-4095-B203-6CD649AAA65C}.Release|Any CPU.ActiveCfg = Release|Any CPU
		{DA0FEBE3-5488-4095-B203-6CD649AAA65C}.Release|Any CPU.Build.0 = Release|Any CPU
	EndGlobalSection
EndGlobal
