
Microsoft Visual Studio Solution File, Format Version 12.00
Project("{FAE04EC0-301F-11D3-BF4B-00C04F79EFBC}") = "Strategy", "Strategy\Strategy.csproj", "{4583D37A-1827-4ABD-A846-06C52EE9CF77}"
EndProject
Global
	GlobalSection(SolutionConfigurationPlatforms) = preSolution
		Debug|Any CPU = Debug|Any CPU
		Release|Any CPU = Release|Any CPU
	EndGlobalSection
	GlobalSection(ProjectConfigurationPlatforms) = postSolution
		{4583D37A-1827-4ABD-A846-06C52EE9CF77}.Debug|Any CPU.ActiveCfg = Debug|Any CPU
		{4583D37A-1827-4ABD-A846-06C52EE9CF77}.Debug|Any CPU.Build.0 = Debug|Any CPU
		{4583D37A-1827-4ABD-A846-06C52EE9CF77}.Release|Any CPU.ActiveCfg = Release|Any CPU
		{4583D37A-1827-4ABD-A846-06C52EE9CF77}.Release|Any CPU.Build.0 = Release|Any CPU
	EndGlobalSection
EndGlobal
